# This file is autogenerated, do not edit; changes may be undone by the next 'dep ensure'.


[[projects]]
  name = "github.com/BurntSushi/toml"
  packages = ["."]
  revision = "b26d9c308763d68093482582cea63d69be07a0f0"
  version = "v0.3.0"

[solve-meta]
  analyzer-name = "dep"
  analyzer-version = 1
  inputs-digest = "bb5a15c45d7c3fec4b89ddf7677e0624aeff207407259cb1d829e60504375cf3"
  solver-name = "gps-cdcl"
  solver-version = 1
