# This file is autogenerated, do not edit; changes may be undone by the next 'dep ensure'.


[[projects]]
  name = "github.com/BurntSushi/toml"
  packages = ["."]
  revision = "b26d9c308763d68093482582cea63d69be07a0f0"
  version = "v0.3.0"

[[projects]]
  branch = "master"
  name = "github.com/buildpack/packs"
  packages = ["."]
  revision = "77f10dfb2fe840bd870403ad97f08b749298188f"

[[projects]]
  name = "github.com/golang/mock"
  packages = ["gomock"]
  revision = "c34cdb4725f4c3844d095133c6e40e448b86589b"
  version = "v1.1.1"

[[projects]]
  branch = "master"
  name = "github.com/sclevine/spec"
  packages = [
    ".",
    "report"
  ]
  revision = "a925ac4bfbc9e5770f1239042559a18443f4d84b"

[[projects]]
  branch = "master"
  name = "golang.org/x/net"
  packages = ["context"]
  revision = "db08ff08e8622530d9ed3a0e8ac279f6d4c02196"

[solve-meta]
  analyzer-name = "dep"
  analyzer-version = 1
  inputs-digest = "c682c8df5d11cb56451f8e6e5b9fdb422ec2588b774300c483815ec21ae7bbc8"
  solver-name = "gps-cdcl"
  solver-version = 1
